
Microsoft Visual Studio Solution File, Format Version 12.00
# Visual Studio Version 16
VisualStudioVersion = 16.0.31605.320
MinimumVisualStudioVersion = 10.0.40219.1
Project("{FAE04EC0-301F-11D3-BF4B-00C04F79EFBC}") = "NormativeCalculator.Api", "NormativeCalculator.Api\NormativeCalculator.Api.csproj", "{5917E088-C38E-4B48-A09D-DDC3E2EBA81A}"
EndProject
Project("{FAE04EC0-301F-11D3-BF4B-00C04F79EFBC}") = "NormativeCalculator.Database", "NormativeCalculator.Database\NormativeCalculator.Database.csproj", "{27CF362A-751B-465C-8F24-4B86791E8292}"
EndProject
Project("{FAE04EC0-301F-11D3-BF4B-00C04F79EFBC}") = "NormativeCalculator.Infrastructure", "NormativeCalculator.Infrastructure\NormativeCalculator.Infrastructure.csproj", "{3CE63151-5EF2-4DB3-BFD6-76C1AEEAA9FF}"
EndProject
Global
	GlobalSection(SolutionConfigurationPlatforms) = preSolution
		Debug|Any CPU = Debug|Any CPU
		Release|Any CPU = Release|Any CPU
	EndGlobalSection
	GlobalSection(ProjectConfigurationPlatforms) = postSolution
		{5917E088-C38E-4B48-A09D-DDC3E2EBA81A}.Debug|Any CPU.ActiveCfg = Debug|Any CPU
		{5917E088-C38E-4B48-A09D-DDC3E2EBA81A}.Debug|Any CPU.Build.0 = Debug|Any CPU
		{5917E088-C38E-4B48-A09D-DDC3E2EBA81A}.Release|Any CPU.ActiveCfg = Release|Any CPU
		{5917E088-C38E-4B48-A09D-DDC3E2EBA81A}.Release|Any CPU.Build.0 = Release|Any CPU
		{27CF362A-751B-465C-8F24-4B86791E8292}.Debug|Any CPU.ActiveCfg = Debug|Any CPU
		{27CF362A-751B-465C-8F24-4B86791E8292}.Debug|Any CPU.Build.0 = Debug|Any CPU
		{27CF362A-751B-465C-8F24-4B86791E8292}.Release|Any CPU.ActiveCfg = Release|Any CPU
		{27CF362A-751B-465C-8F24-4B86791E8292}.Release|Any CPU.Build.0 = Release|Any CPU
		{3CE63151-5EF2-4DB3-BFD6-76C1AEEAA9FF}.Debug|Any CPU.ActiveCfg = Debug|Any CPU
		{3CE63151-5EF2-4DB3-BFD6-76C1AEEAA9FF}.Debug|Any CPU.Build.0 = Debug|Any CPU
		{3CE63151-5EF2-4DB3-BFD6-76C1AEEAA9FF}.Release|Any CPU.ActiveCfg = Release|Any CPU
		{3CE63151-5EF2-4DB3-BFD6-76C1AEEAA9FF}.Release|Any CPU.Build.0 = Release|Any CPU
	EndGlobalSection
	GlobalSection(SolutionProperties) = preSolution
		HideSolutionNode = FALSE
	EndGlobalSection
	GlobalSection(ExtensibilityGlobals) = postSolution
		SolutionGuid = {1BB43DCD-62E0-4036-A24C-FCD44733AE8E}
	EndGlobalSection
EndGlobal
